{
  "name": "workout",
  "version": "0.0.0",
  "lockfileVersion": 1,
  "requires": true,
  "dependencies": {
    "@jscad/csg": {
      "version": "0.7.0",
      "resolved": "https://registry.npmjs.org/@jscad/csg/-/csg-0.7.0.tgz",
      "integrity": "sha512-v91oCgmGq2h8TJsxSv8EdcEzf+3K/U6JVPrprHqhU7+dfjfD/Nezz/AHKNZFQxQ++k/8xMpwZWt22MgDqygiVA=="
    }
  }
}
